
Microsoft Visual Studio Solution File, Format Version 12.00
# Visual Studio Version 17
VisualStudioVersion = 17.7.34031.279
MinimumVisualStudioVersion = 10.0.40219.1
Project("{FAE04EC0-301F-11D3-BF4B-00C04F79EFBC}") = "CsharpApiLInq", "CsharpApiLInq\CsharpApiLInq.csproj", "{46C6FFCD-52B3-4422-9D6B-1B36DD57C910}"
EndProject
Global
	GlobalSection(SolutionConfigurationPlatforms) = preSolution
		Debug|Any CPU = Debug|Any CPU
		Release|Any CPU = Release|Any CPU
	EndGlobalSection
	GlobalSection(ProjectConfigurationPlatforms) = postSolution
		{46C6FFCD-52B3-4422-9D6B-1B36DD57C910}.Debug|Any CPU.ActiveCfg = Debug|Any CPU
		{46C6FFCD-52B3-4422-9D6B-1B36DD57C910}.Debug|Any CPU.Build.0 = Debug|Any CPU
		{46C6FFCD-52B3-4422-9D6B-1B36DD57C910}.Release|Any CPU.ActiveCfg = Release|Any CPU
		{46C6FFCD-52B3-4422-9D6B-1B36DD57C910}.Release|Any CPU.Build.0 = Release|Any CPU
	EndGlobalSection
	GlobalSection(SolutionProperties) = preSolution
		HideSolutionNode = FALSE
	EndGlobalSection
	GlobalSection(ExtensibilityGlobals) = postSolution
		SolutionGuid = {8D1C6793-DDE8-44D0-88EA-ED5E267C69DF}
	EndGlobalSection
EndGlobal
